
Microsoft Visual Studio Solution File, Format Version 12.00
# Visual Studio Version 16
VisualStudioVersion = 16.0.29409.12
MinimumVisualStudioVersion = 10.0.40219.1
Project("{F184B08F-C81C-45F6-A57F-5ABD9991F28F}") = "Technical Solution", "Prototype\Technical Solution.vbproj", "{1E78F621-CE74-4958-973D-09FFEEFD87D5}"
EndProject
Global
	GlobalSection(SolutionConfigurationPlatforms) = preSolution
		Debug|Any CPU = Debug|Any CPU
		Release|Any CPU = Release|Any CPU
	EndGlobalSection
	GlobalSection(ProjectConfigurationPlatforms) = postSolution
		{1E78F621-CE74-4958-973D-09FFEEFD87D5}.Debug|Any CPU.ActiveCfg = Debug|Any CPU
		{1E78F621-CE74-4958-973D-09FFEEFD87D5}.Debug|Any CPU.Build.0 = Debug|Any CPU
		{1E78F621-CE74-4958-973D-09FFEEFD87D5}.Release|Any CPU.ActiveCfg = Release|Any CPU
		{1E78F621-CE74-4958-973D-09FFEEFD87D5}.Release|Any CPU.Build.0 = Release|Any CPU
	EndGlobalSection
	GlobalSection(SolutionProperties) = preSolution
		HideSolutionNode = FALSE
	EndGlobalSection
	GlobalSection(ExtensibilityGlobals) = postSolution
		SolutionGuid = {4CBC76BE-01A0-45C9-9139-93D151FEE971}
	EndGlobalSection
EndGlobal
